
Microsoft Visual Studio Solution File, Format Version 12.00
# Visual Studio Version 16
VisualStudioVersion = 16.0.33027.164
MinimumVisualStudioVersion = 10.0.40219.1
Project("{FAE04EC0-301F-11D3-BF4B-00C04F79EFBC}") = "CSLighrtMedcinePoliclinicN8", "CSLighrtMedcinePoliclinic\CSLighrtMedcinePoliclinicN8.csproj", "{8C2B80DF-C33C-47A7-BE1A-F00FCB72FF9D}"
EndProject
Global
	GlobalSection(SolutionConfigurationPlatforms) = preSolution
		Debug|Any CPU = Debug|Any CPU
		Release|Any CPU = Release|Any CPU
	EndGlobalSection
	GlobalSection(ProjectConfigurationPlatforms) = postSolution
		{8C2B80DF-C33C-47A7-BE1A-F00FCB72FF9D}.Debug|Any CPU.ActiveCfg = Debug|Any CPU
		{8C2B80DF-C33C-47A7-BE1A-F00FCB72FF9D}.Debug|Any CPU.Build.0 = Debug|Any CPU
		{8C2B80DF-C33C-47A7-BE1A-F00FCB72FF9D}.Release|Any CPU.ActiveCfg = Release|Any CPU
		{8C2B80DF-C33C-47A7-BE1A-F00FCB72FF9D}.Release|Any CPU.Build.0 = Release|Any CPU
	EndGlobalSection
	GlobalSection(SolutionProperties) = preSolution
		HideSolutionNode = FALSE
	EndGlobalSection
	GlobalSection(ExtensibilityGlobals) = postSolution
		SolutionGuid = {65447E4F-2FEF-4B91-AE11-CD371B81633E}
	EndGlobalSection
EndGlobal
